// !$*UTF8*$!
{
	archiveVersion = 1;
	classes = {
	};
	objectVersion = 46;
	objects = {

/* Begin PBXBuildFile section */
		6740932F1B3BB09A003C2FB3 /* Q4.c in Sources */ = {isa = PBXBuildFile; fileRef = 6740932E1B3BB09A003C2FB3 /* Q4.c */; };
/* End PBXBuildFile section */

/* Begin PBXCopyFilesBuildPhase section */
		674093291B3BB09A003C2FB3 /* CopyFiles */ = {
			isa = PBXCopyFilesBuildPhase;
			buildActionMask = 2147483647;
			dstPath = /usr/share/man/man1/;
			dstSubfolderSpec = 0;
			files = (
			);
			runOnlyForDeploymentPostprocessing = 1;
		};
/* End PBXCopyFilesBuildPhase section */

/* Begin PBXFileReference section */
		6740932B1B3BB09A003C2FB3 /* Q4.c */ = {isa = PBXFileReference; explicitFileType = "compiled.mach-o.executable"; includeInIndex = 0; path = Q4.c; sourceTree = BUILT_PRODUCTS_DIR; };
		6740932E1B3BB09A003C2FB3 /* Q4.c */ = {isa = PBXFileReference; lastKnownFileType = sourcecode.c.c; path = Q4.c; sourceTree = "<group>"; };
/* End PBXFileReference section */

/* Begin PBXFrameworksBuildPhase section */
		674093281B3BB09A003C2FB3 /* Frameworks */ = {
			isa = PBXFrameworksBuildPhase;
			buildActionMask = 2147483647;
			files = (
			);
			runOnlyForDeploymentPostprocessing = 0;
		};
/* End PBXFrameworksBuildPhase section */

/* Begin PBXGroup section */
		674093221B3BB09A003C2FB3 = {
			isa = PBXGroup;
			children = (
				6740932D1B3BB09A003C2FB3 /* Q4.c */,
				6740932C1B3BB09A003C2FB3 /* Products */,
			);
			sourceTree = "<group>";
		};
		6740932C1B3BB09A003C2FB3 /* Products */ = {
			isa = PBXGroup;
			children = (
				6740932B1B3BB09A003C2FB3 /* Q4.c */,
			);
			name = Products;
			sourceTree = "<group>";
		};
		6740932D1B3BB09A003C2FB3 /* Q4.c */ = {
			isa = PBXGroup;
			children = (
				6740932E1B3BB09A003C2FB3 /* Q4.c */,
			);
			path = Q4.c;
			sourceTree = "<group>";
		};
/* End PBXGroup section */

/* Begin PBXNativeTarget section */
		6740932A1B3BB09A003C2FB3 /* Q4.c */ = {
			isa = PBXNativeTarget;
			buildConfigurationList = 674093321B3BB09A003C2FB3 /* Build configuration list for PBXNativeTarget "Q4.c" */;
			buildPhases = (
				674093271B3BB09A003C2FB3 /* Sources */,
				674093281B3BB09A003C2FB3 /* Frameworks */,
				674093291B3BB09A003C2FB3 /* CopyFiles */,
			);
			buildRules = (
			);
			dependencies = (
			);
			name = Q4.c;
			productName = Q4.c;
			productReference = 6740932B1B3BB09A003C2FB3 /* Q4.c */;
			productType = "com.apple.product-type.tool";
		};
/* End PBXNativeTarget section */

/* Begin PBXProject section */
		674093231B3BB09A003C2FB3 /* Project object */ = {
			isa = PBXProject;
			attributes = {
				LastUpgradeCheck = 0620;
				ORGANIZATIONNAME = "JOHN TOTH";
				TargetAttributes = {
					6740932A1B3BB09A003C2FB3 = {
						CreatedOnToolsVersion = 6.2;
					};
				};
			};
			buildConfigurationList = 674093261B3BB09A003C2FB3 /* Build configuration list for PBXProject "Q4.c" */;
			compatibilityVersion = "Xcode 3.2";
			developmentRegion = English;
			hasScannedForEncodings = 0;
			knownRegions = (
				en,
			);
			mainGroup = 674093221B3BB09A003C2FB3;
			productRefGroup = 6740932C1B3BB09A003C2FB3 /* Products */;
			projectDirPath = "";
			projectRoot = "";
			targets = (
				6740932A1B3BB09A003C2FB3 /* Q4.c */,
			);
		};
/* End PBXProject section */

/* Begin PBXSourcesBuildPhase section */
		674093271B3BB09A003C2FB3 /* Sources */ = {
			isa = PBXSourcesBuildPhase;
			buildActionMask = 2147483647;
			files = (
				6740932F1B3BB09A003C2FB3 /* Q4.c in Sources */,
			);
			runOnlyForDeploymentPostprocessing = 0;
		};
/* End PBXSourcesBuildPhase section */

/* Begin XCBuildConfiguration section */
		674093301B3BB09A003C2FB3 /* Debug */ = {
			isa = XCBuildConfiguration;
			buildSettings = {
				ALWAYS_SEARCH_USER_PATHS = NO;
				CLANG_CXX_LANGUAGE_STANDARD = "gnu++0x";
				CLANG_CXX_LIBRARY = "libc++";
				CLANG_ENABLE_MODULES = YES;
				CLANG_ENABLE_OBJC_ARC = YES;
				CLANG_WARN_BOOL_CONVERSION = YES;
				CLANG_WARN_CONSTANT_CONVERSION = YES;
				CLANG_WARN_DIRECT_OBJC_ISA_USAGE = YES_ERROR;
				CLANG_WARN_EMPTY_BODY = YES;
				CLANG_WARN_ENUM_CONVERSION = YES;
				CLANG_WARN_INT_CONVERSION = YES;
				CLANG_WARN_OBJC_ROOT_CLASS = YES_ERROR;
				CLANG_WARN_UNREACHABLE_CODE = YES;
				CLANG_WARN__DUPLICATE_METHOD_MATCH = YES;
				COPY_PHASE_STRIP = NO;
				ENABLE_STRICT_OBJC_MSGSEND = YES;
				GCC_C_LANGUAGE_STANDARD = gnu99;
				GCC_DYNAMIC_NO_PIC = NO;
				GCC_OPTIMIZATION_LEVEL = 0;
				GCC_PREPROCESSOR_DEFINITIONS = (
					"DEBUG=1",
					"$(inherited)",
				);
				GCC_SYMBOLS_PRIVATE_EXTERN = NO;
				GCC_WARN_64_TO_32_BIT_CONVERSION = YES;
				GCC_WARN_ABOUT_RETURN_TYPE = YES_ERROR;
				GCC_WARN_UNDECLARED_SELECTOR = YES;
				GCC_WARN_UNINITIALIZED_AUTOS = YES_AGGRESSIVE;
				GCC_WARN_UNUSED_FUNCTION = YES;
				GCC_WARN_UNUSED_VARIABLE = YES;
				MACOSX_DEPLOYMENT_TARGET = 10.10;
				MTL_ENABLE_DEBUG_INFO = YES;
				ONLY_ACTIVE_ARCH = YES;
				SDKROOT = macosx;
			};
			name = Debug;
		};
		674093311B3BB09A003C2FB3 /* Release */ = {
			isa = XCBuildConfiguration;
			buildSettings = {
				ALWAYS_SEARCH_USER_PATHS = NO;
				CLANG_CXX_LANGUAGE_STANDARD = "gnu++0x";
				CLANG_CXX_LIBRARY = "libc++";
				CLANG_ENABLE_MODULES = YES;
				CLANG_ENABLE_OBJC_ARC = YES;
				CLANG_WARN_BOOL_CONVERSION = YES;
				CLANG_WARN_CONSTANT_CONVERSION = YES;
				CLANG_WARN_DIRECT_OBJC_ISA_USAGE = YES_ERROR;
				CLANG_WARN_EMPTY_BODY = YES;
				CLANG_WARN_ENUM_CONVERSION = YES;
				CLANG_WARN_INT_CONVERSION = YES;
				CLANG_WARN_OBJC_ROOT_CLASS = YES_ERROR;
				CLANG_WARN_UNREACHABLE_CODE = YES;
				CLANG_WARN__DUPLICATE_METHOD_MATCH = YES;
				COPY_PHASE_STRIP = NO;
				DEBUG_INFORMATION_FORMAT = "dwarf-with-dsym";
				ENABLE_NS_ASSERTIONS = NO;
				ENABLE_STRICT_OBJC_MSGSEND = YES;
				GCC_C_LANGUAGE_STANDARD = gnu99;
				GCC_WARN_64_TO_32_BIT_CONVERSION = YES;
				GCC_WARN_ABOUT_RETURN_TYPE = YES_ERROR;
				GCC_WARN_UNDECLARED_SELECTOR = YES;
				GCC_WARN_UNINITIALIZED_AUTOS = YES_AGGRESSIVE;
				GCC_WARN_UNUSED_FUNCTION = YES;
				GCC_WARN_UNUSED_VARIABLE = YES;
				MACOSX_DEPLOYMENT_TARGET = 10.10;
				MTL_ENABLE_DEBUG_INFO = NO;
				SDKROOT = macosx;
			};
			name = Release;
		};
		674093331B3BB09A003C2FB3 /* Debug */ = {
			isa = XCBuildConfiguration;
			buildSettings = {
				PRODUCT_NAME = "$(TARGET_NAME)";
			};
			name = Debug;
		};
		674093341B3BB09A003C2FB3 /* Release */ = {
			isa = XCBuildConfiguration;
			buildSettings = {
				PRODUCT_NAME = "$(TARGET_NAME)";
			};
			name = Release;
		};
/* End XCBuildConfiguration section */

/* Begin XCConfigurationList section */
		674093261B3BB09A003C2FB3 /* Build configuration list for PBXProject "Q4.c" */ = {
			isa = XCConfigurationList;
			buildConfigurations = (
				674093301B3BB09A003C2FB3 /* Debug */,
				674093311B3BB09A003C2FB3 /* Release */,
			);
			defaultConfigurationIsVisible = 0;
			defaultConfigurationName = Release;
		};
		674093321B3BB09A003C2FB3 /* Build configuration list for PBXNativeTarget "Q4.c" */ = {
			isa = XCConfigurationList;
			buildConfigurations = (
				674093331B3BB09A003C2FB3 /* Debug */,
				674093341B3BB09A003C2FB3 /* Release */,
			);
			defaultConfigurationIsVisible = 0;
			defaultConfigurationName = Release;
		};
/* End XCConfigurationList section */
	};
	rootObject = 674093231B3BB09A003C2FB3 /* Project object */;
}
